{
  "name": "@high-lab/dynamic-table",
  "version": "0.0.21",
  "lockfileVersion": 1,
  "requires": true,
  "dependencies": {
    "@high-lab/core": {
      "version": "0.0.7",
      "resolved": "https://registry.npmjs.org/@high-lab/core/-/core-0.0.7.tgz",
      "integrity": "sha512-Cvy33P1Pe/IvDDrvU4fcPaUtrVnmLbH6hhgPIHz2/Im0dIkmIZLUCsljiMALa4+sUuq/b4Hwt+xOnc/+dat6nw==",
      "requires": {
        "tslib": "^2.1.0"
      }
    },
    "tslib": {
      "version": "2.3.1",
      "resolved": "https://registry.npmjs.org/tslib/-/tslib-2.3.1.tgz",
      "integrity": "sha512-77EbyPPpMz+FRFRuAFlWMtmgUWGe9UOG2Z25NqCwiIjRhOf5iKGuzSe5P2w1laq+FkRy4p+PCuVkJSGkzTEKVw=="
    }
  }
}
